// !$*UTF8*$!
{
	archiveVersion = 1;
	classes = {
	};
	objectVersion = 50;
	objects = {

/* Begin PBXBuildFile section */
		F2858247220EFCE500CBCEB2 /* AppDelegate.swift in Sources */ = {isa = PBXBuildFile; fileRef = F2858246220EFCE500CBCEB2 /* AppDelegate.swift */; };
		F285824C220EFCE500CBCEB2 /* Main.storyboard in Resources */ = {isa = PBXBuildFile; fileRef = F285824A220EFCE500CBCEB2 /* Main.storyboard */; };
		F285824E220EFCE700CBCEB2 /* Assets.xcassets in Resources */ = {isa = PBXBuildFile; fileRef = F285824D220EFCE700CBCEB2 /* Assets.xcassets */; };
		F2858251220EFCE700CBCEB2 /* LaunchScreen.storyboard in Resources */ = {isa = PBXBuildFile; fileRef = F285824F220EFCE700CBCEB2 /* LaunchScreen.storyboard */; };
		F2858259220EFD0200CBCEB2 /* Task in Resources */ = {isa = PBXBuildFile; fileRef = F2858258220EFD0200CBCEB2 /* Task */; };
		F2858261220F093700CBCEB2 /* NewsListViewController.swift in Sources */ = {isa = PBXBuildFile; fileRef = F2858260220F093700CBCEB2 /* NewsListViewController.swift */; };
		F2858265220F0A8D00CBCEB2 /* NewsListViewModel.swift in Sources */ = {isa = PBXBuildFile; fileRef = F2858264220F0A8D00CBCEB2 /* NewsListViewModel.swift */; };
		F2858267220F0C2600CBCEB2 /* NewsViewModel.swift in Sources */ = {isa = PBXBuildFile; fileRef = F2858266220F0C2600CBCEB2 /* NewsViewModel.swift */; };
		F285826D220F19D800CBCEB2 /* RxSwift.framework in Frameworks */ = {isa = PBXBuildFile; fileRef = F285826B220F19D800CBCEB2 /* RxSwift.framework */; };
		F285826E220F19D800CBCEB2 /* RxCocoa.framework in Frameworks */ = {isa = PBXBuildFile; fileRef = F285826C220F19D800CBCEB2 /* RxCocoa.framework */; };
		F2858272220F305600CBCEB2 /* News.xcdatamodeld in Sources */ = {isa = PBXBuildFile; fileRef = F2858270220F305600CBCEB2 /* News.xcdatamodeld */; };
		F285827C2210A35500CBCEB2 /* NetworkingManager.swift in Sources */ = {isa = PBXBuildFile; fileRef = F285827B2210A35500CBCEB2 /* NetworkingManager.swift */; };
		F285827F2210D19700CBCEB2 /* News+CoreDataClass.swift in Sources */ = {isa = PBXBuildFile; fileRef = F285827D2210D19600CBCEB2 /* News+CoreDataClass.swift */; };
		F28582802210D19700CBCEB2 /* News+CoreDataProperties.swift in Sources */ = {isa = PBXBuildFile; fileRef = F285827E2210D19600CBCEB2 /* News+CoreDataProperties.swift */; };
		F2858282221166CC00CBCEB2 /* CoreDataStack.swift in Sources */ = {isa = PBXBuildFile; fileRef = F2858281221166CC00CBCEB2 /* CoreDataStack.swift */; };
		F28582D32215654200CBCEB2 /* NewsCell.swift in Sources */ = {isa = PBXBuildFile; fileRef = F28582D22215654200CBCEB2 /* NewsCell.swift */; };
/* End PBXBuildFile section */

/* Begin PBXFileReference section */
		F2858243220EFCE500CBCEB2 /* NewsParser.app */ = {isa = PBXFileReference; explicitFileType = wrapper.application; includeInIndex = 0; path = NewsParser.app; sourceTree = BUILT_PRODUCTS_DIR; };
		F2858246220EFCE500CBCEB2 /* AppDelegate.swift */ = {isa = PBXFileReference; lastKnownFileType = sourcecode.swift; path = AppDelegate.swift; sourceTree = "<group>"; };
		F285824B220EFCE500CBCEB2 /* Base */ = {isa = PBXFileReference; lastKnownFileType = file.storyboard; name = Base; path = Base.lproj/Main.storyboard; sourceTree = "<group>"; };
		F285824D220EFCE700CBCEB2 /* Assets.xcassets */ = {isa = PBXFileReference; lastKnownFileType = folder.assetcatalog; path = Assets.xcassets; sourceTree = "<group>"; };
		F2858250220EFCE700CBCEB2 /* Base */ = {isa = PBXFileReference; lastKnownFileType = file.storyboard; name = Base; path = Base.lproj/LaunchScreen.storyboard; sourceTree = "<group>"; };
		F2858252220EFCE700CBCEB2 /* Info.plist */ = {isa = PBXFileReference; lastKnownFileType = text.plist.xml; path = Info.plist; sourceTree = "<group>"; };
		F2858258220EFD0200CBCEB2 /* Task */ = {isa = PBXFileReference; lastKnownFileType = text; path = Task; sourceTree = "<group>"; };
		F2858260220F093700CBCEB2 /* NewsListViewController.swift */ = {isa = PBXFileReference; lastKnownFileType = sourcecode.swift; path = NewsListViewController.swift; sourceTree = "<group>"; };
		F2858264220F0A8D00CBCEB2 /* NewsListViewModel.swift */ = {isa = PBXFileReference; lastKnownFileType = sourcecode.swift; path = NewsListViewModel.swift; sourceTree = "<group>"; };
		F2858266220F0C2600CBCEB2 /* NewsViewModel.swift */ = {isa = PBXFileReference; lastKnownFileType = sourcecode.swift; path = NewsViewModel.swift; sourceTree = "<group>"; };
		F285826B220F19D800CBCEB2 /* RxSwift.framework */ = {isa = PBXFileReference; lastKnownFileType = wrapper.framework; name = RxSwift.framework; path = Carthage/Build/iOS/RxSwift.framework; sourceTree = "<group>"; };
		F285826C220F19D800CBCEB2 /* RxCocoa.framework */ = {isa = PBXFileReference; lastKnownFileType = wrapper.framework; name = RxCocoa.framework; path = Carthage/Build/iOS/RxCocoa.framework; sourceTree = "<group>"; };
		F2858271220F305600CBCEB2 /* News.xcdatamodel */ = {isa = PBXFileReference; lastKnownFileType = wrapper.xcdatamodel; path = News.xcdatamodel; sourceTree = "<group>"; };
		F285827B2210A35500CBCEB2 /* NetworkingManager.swift */ = {isa = PBXFileReference; lastKnownFileType = sourcecode.swift; path = NetworkingManager.swift; sourceTree = "<group>"; };
		F285827D2210D19600CBCEB2 /* News+CoreDataClass.swift */ = {isa = PBXFileReference; lastKnownFileType = sourcecode.swift; name = "News+CoreDataClass.swift"; path = "NewsParser/Models/News+CoreDataClass.swift"; sourceTree = SOURCE_ROOT; };
		F285827E2210D19600CBCEB2 /* News+CoreDataProperties.swift */ = {isa = PBXFileReference; lastKnownFileType = sourcecode.swift; name = "News+CoreDataProperties.swift"; path = "NewsParser/Models/News+CoreDataProperties.swift"; sourceTree = SOURCE_ROOT; };
		F2858281221166CC00CBCEB2 /* CoreDataStack.swift */ = {isa = PBXFileReference; lastKnownFileType = sourcecode.swift; path = CoreDataStack.swift; sourceTree = "<group>"; };
		F28582D22215654200CBCEB2 /* NewsCell.swift */ = {isa = PBXFileReference; fileEncoding = 4; lastKnownFileType = sourcecode.swift; path = NewsCell.swift; sourceTree = "<group>"; };
/* End PBXFileReference section */

/* Begin PBXFrameworksBuildPhase section */
		F2858240220EFCE500CBCEB2 /* Frameworks */ = {
			isa = PBXFrameworksBuildPhase;
			buildActionMask = 2147483647;
			files = (
				F285826D220F19D800CBCEB2 /* RxSwift.framework in Frameworks */,
				F285826E220F19D800CBCEB2 /* RxCocoa.framework in Frameworks */,
			);
			runOnlyForDeploymentPostprocessing = 0;
		};
/* End PBXFrameworksBuildPhase section */

/* Begin PBXGroup section */
		F285823A220EFCE500CBCEB2 = {
			isa = PBXGroup;
			children = (
				F2858245220EFCE500CBCEB2 /* NewsParser */,
				F2858244220EFCE500CBCEB2 /* Products */,
				F2858268220F10CD00CBCEB2 /* Frameworks */,
			);
			sourceTree = "<group>";
		};
		F2858244220EFCE500CBCEB2 /* Products */ = {
			isa = PBXGroup;
			children = (
				F2858243220EFCE500CBCEB2 /* NewsParser.app */,
			);
			name = Products;
			sourceTree = "<group>";
		};
		F2858245220EFCE500CBCEB2 /* NewsParser */ = {
			isa = PBXGroup;
			children = (
				F285825E220EFEB500CBCEB2 /* Resources */,
				F285825D220EFEAC00CBCEB2 /* Classes */,
				F285825C220EFEA000CBCEB2 /* Models */,
				F285825B220EFE9300CBCEB2 /* Managers */,
				F285825A220EFE8400CBCEB2 /* App */,
				F2858258220EFD0200CBCEB2 /* Task */,
			);
			path = NewsParser;
			sourceTree = "<group>";
		};
		F285825A220EFE8400CBCEB2 /* App */ = {
			isa = PBXGroup;
			children = (
				F2858246220EFCE500CBCEB2 /* AppDelegate.swift */,
			);
			path = App;
			sourceTree = "<group>";
		};
		F285825B220EFE9300CBCEB2 /* Managers */ = {
			isa = PBXGroup;
			children = (
				F285827B2210A35500CBCEB2 /* NetworkingManager.swift */,
				F2858281221166CC00CBCEB2 /* CoreDataStack.swift */,
			);
			path = Managers;
			sourceTree = "<group>";
		};
		F285825C220EFEA000CBCEB2 /* Models */ = {
			isa = PBXGroup;
			children = (
				F2858270220F305600CBCEB2 /* News.xcdatamodeld */,
				F285827D2210D19600CBCEB2 /* News+CoreDataClass.swift */,
				F285827E2210D19600CBCEB2 /* News+CoreDataProperties.swift */,
			);
			path = Models;
			sourceTree = "<group>";
		};
		F285825D220EFEAC00CBCEB2 /* Classes */ = {
			isa = PBXGroup;
			children = (
				F285825F220F090700CBCEB2 /* NewsList */,
			);
			path = Classes;
			sourceTree = "<group>";
		};
		F285825E220EFEB500CBCEB2 /* Resources */ = {
			isa = PBXGroup;
			children = (
				F285824A220EFCE500CBCEB2 /* Main.storyboard */,
				F285824D220EFCE700CBCEB2 /* Assets.xcassets */,
				F285824F220EFCE700CBCEB2 /* LaunchScreen.storyboard */,
				F2858252220EFCE700CBCEB2 /* Info.plist */,
			);
			path = Resources;
			sourceTree = "<group>";
		};
		F285825F220F090700CBCEB2 /* NewsList */ = {
			isa = PBXGroup;
			children = (
				F2858260220F093700CBCEB2 /* NewsListViewController.swift */,
				F2858264220F0A8D00CBCEB2 /* NewsListViewModel.swift */,
				F2858266220F0C2600CBCEB2 /* NewsViewModel.swift */,
				F28582D22215654200CBCEB2 /* NewsCell.swift */,
			);
			path = NewsList;
			sourceTree = "<group>";
		};
		F2858268220F10CD00CBCEB2 /* Frameworks */ = {
			isa = PBXGroup;
			children = (
				F285826C220F19D800CBCEB2 /* RxCocoa.framework */,
				F285826B220F19D800CBCEB2 /* RxSwift.framework */,
			);
			name = Frameworks;
			sourceTree = "<group>";
		};
/* End PBXGroup section */

/* Begin PBXNativeTarget section */
		F2858242220EFCE500CBCEB2 /* NewsParser */ = {
			isa = PBXNativeTarget;
			buildConfigurationList = F2858255220EFCE700CBCEB2 /* Build configuration list for PBXNativeTarget "NewsParser" */;
			buildPhases = (
				F285823F220EFCE500CBCEB2 /* Sources */,
				F2858240220EFCE500CBCEB2 /* Frameworks */,
				F2858241220EFCE500CBCEB2 /* Resources */,
				F285826F220F2D3B00CBCEB2 /* ShellScript */,
			);
			buildRules = (
			);
			dependencies = (
			);
			name = NewsParser;
			productName = NewsParser;
			productReference = F2858243220EFCE500CBCEB2 /* NewsParser.app */;
			productType = "com.apple.product-type.application";
		};
/* End PBXNativeTarget section */

/* Begin PBXProject section */
		F285823B220EFCE500CBCEB2 /* Project object */ = {
			isa = PBXProject;
			attributes = {
				LastSwiftUpdateCheck = 1010;
				LastUpgradeCheck = 1010;
				ORGANIZATIONNAME = ilyas;
				TargetAttributes = {
					F2858242220EFCE500CBCEB2 = {
						CreatedOnToolsVersion = 10.1;
						LastSwiftMigration = 1010;
					};
				};
			};
			buildConfigurationList = F285823E220EFCE500CBCEB2 /* Build configuration list for PBXProject "NewsParser" */;
			compatibilityVersion = "Xcode 9.3";
			developmentRegion = en;
			hasScannedForEncodings = 0;
			knownRegions = (
				en,
				Base,
			);
			mainGroup = F285823A220EFCE500CBCEB2;
			productRefGroup = F2858244220EFCE500CBCEB2 /* Products */;
			projectDirPath = "";
			projectRoot = "";
			targets = (
				F2858242220EFCE500CBCEB2 /* NewsParser */,
			);
		};
/* End PBXProject section */

/* Begin PBXResourcesBuildPhase section */
		F2858241220EFCE500CBCEB2 /* Resources */ = {
			isa = PBXResourcesBuildPhase;
			buildActionMask = 2147483647;
			files = (
				F2858251220EFCE700CBCEB2 /* LaunchScreen.storyboard in Resources */,
				F285824E220EFCE700CBCEB2 /* Assets.xcassets in Resources */,
				F285824C220EFCE500CBCEB2 /* Main.storyboard in Resources */,
				F2858259220EFD0200CBCEB2 /* Task in Resources */,
			);
			runOnlyForDeploymentPostprocessing = 0;
		};
/* End PBXResourcesBuildPhase section */

/* Begin PBXShellScriptBuildPhase section */
		F285826F220F2D3B00CBCEB2 /* ShellScript */ = {
			isa = PBXShellScriptBuildPhase;
			buildActionMask = 2147483647;
			files = (
			);
			inputFileListPaths = (
			);
			inputPaths = (
				"$(SRCROOT)/Carthage/Build/iOS/RxSwift.framework",
				"$(SRCROOT)/Carthage/Build/iOS/RxCocoa.framework",
			);
			outputFileListPaths = (
			);
			outputPaths = (
			);
			runOnlyForDeploymentPostprocessing = 0;
			shellPath = /bin/sh;
			shellScript = "/usr/local/bin/carthage copy-frameworks\n";
		};
/* End PBXShellScriptBuildPhase section */

/* Begin PBXSourcesBuildPhase section */
		F285823F220EFCE500CBCEB2 /* Sources */ = {
			isa = PBXSourcesBuildPhase;
			buildActionMask = 2147483647;
			files = (
				F2858272220F305600CBCEB2 /* News.xcdatamodeld in Sources */,
				F2858261220F093700CBCEB2 /* NewsListViewController.swift in Sources */,
				F2858267220F0C2600CBCEB2 /* NewsViewModel.swift in Sources */,
				F285827F2210D19700CBCEB2 /* News+CoreDataClass.swift in Sources */,
				F28582D32215654200CBCEB2 /* NewsCell.swift in Sources */,
				F28582802210D19700CBCEB2 /* News+CoreDataProperties.swift in Sources */,
				F285827C2210A35500CBCEB2 /* NetworkingManager.swift in Sources */,
				F2858282221166CC00CBCEB2 /* CoreDataStack.swift in Sources */,
				F2858265220F0A8D00CBCEB2 /* NewsListViewModel.swift in Sources */,
				F2858247220EFCE500CBCEB2 /* AppDelegate.swift in Sources */,
			);
			runOnlyForDeploymentPostprocessing = 0;
		};
/* End PBXSourcesBuildPhase section */

/* Begin PBXVariantGroup section */
		F285824A220EFCE500CBCEB2 /* Main.storyboard */ = {
			isa = PBXVariantGroup;
			children = (
				F285824B220EFCE500CBCEB2 /* Base */,
			);
			name = Main.storyboard;
			sourceTree = "<group>";
		};
		F285824F220EFCE700CBCEB2 /* LaunchScreen.storyboard */ = {
			isa = PBXVariantGroup;
			children = (
				F2858250220EFCE700CBCEB2 /* Base */,
			);
			name = LaunchScreen.storyboard;
			sourceTree = "<group>";
		};
/* End PBXVariantGroup section */

/* Begin XCBuildConfiguration section */
		F2858253220EFCE700CBCEB2 /* Debug */ = {
			isa = XCBuildConfiguration;
			buildSettings = {
				ALWAYS_SEARCH_USER_PATHS = NO;
				CLANG_ANALYZER_NONNULL = YES;
				CLANG_ANALYZER_NUMBER_OBJECT_CONVERSION = YES_AGGRESSIVE;
				CLANG_CXX_LANGUAGE_STANDARD = "gnu++14";
				CLANG_CXX_LIBRARY = "libc++";
				CLANG_ENABLE_MODULES = YES;
				CLANG_ENABLE_OBJC_ARC = YES;
				CLANG_ENABLE_OBJC_WEAK = YES;
				CLANG_WARN_BLOCK_CAPTURE_AUTORELEASING = YES;
				CLANG_WARN_BOOL_CONVERSION = YES;
				CLANG_WARN_COMMA = YES;
				CLANG_WARN_CONSTANT_CONVERSION = YES;
				CLANG_WARN_DEPRECATED_OBJC_IMPLEMENTATIONS = YES;
				CLANG_WARN_DIRECT_OBJC_ISA_USAGE = YES_ERROR;
				CLANG_WARN_DOCUMENTATION_COMMENTS = YES;
				CLANG_WARN_EMPTY_BODY = YES;
				CLANG_WARN_ENUM_CONVERSION = YES;
				CLANG_WARN_INFINITE_RECURSION = YES;
				CLANG_WARN_INT_CONVERSION = YES;
				CLANG_WARN_NON_LITERAL_NULL_CONVERSION = YES;
				CLANG_WARN_OBJC_IMPLICIT_RETAIN_SELF = YES;
				CLANG_WARN_OBJC_LITERAL_CONVERSION = YES;
				CLANG_WARN_OBJC_ROOT_CLASS = YES_ERROR;
				CLANG_WARN_RANGE_LOOP_ANALYSIS = YES;
				CLANG_WARN_STRICT_PROTOTYPES = YES;
				CLANG_WARN_SUSPICIOUS_MOVE = YES;
				CLANG_WARN_UNGUARDED_AVAILABILITY = YES_AGGRESSIVE;
				CLANG_WARN_UNREACHABLE_CODE = YES;
				CLANG_WARN__DUPLICATE_METHOD_MATCH = YES;
				CODE_SIGN_IDENTITY = "iPhone Developer";
				COPY_PHASE_STRIP = NO;
				DEBUG_INFORMATION_FORMAT = dwarf;
				ENABLE_STRICT_OBJC_MSGSEND = YES;
				ENABLE_TESTABILITY = YES;
				GCC_C_LANGUAGE_STANDARD = gnu11;
				GCC_DYNAMIC_NO_PIC = NO;
				GCC_NO_COMMON_BLOCKS = YES;
				GCC_OPTIMIZATION_LEVEL = 0;
				GCC_PREPROCESSOR_DEFINITIONS = (
					"DEBUG=1",
					"$(inherited)",
				);
				GCC_WARN_64_TO_32_BIT_CONVERSION = YES;
				GCC_WARN_ABOUT_RETURN_TYPE = YES_ERROR;
				GCC_WARN_UNDECLARED_SELECTOR = YES;
				GCC_WARN_UNINITIALIZED_AUTOS = YES_AGGRESSIVE;
				GCC_WARN_UNUSED_FUNCTION = YES;
				GCC_WARN_UNUSED_VARIABLE = YES;
				IPHONEOS_DEPLOYMENT_TARGET = 12.1;
				MTL_ENABLE_DEBUG_INFO = INCLUDE_SOURCE;
				MTL_FAST_MATH = YES;
				ONLY_ACTIVE_ARCH = YES;
				SDKROOT = iphoneos;
				SWIFT_ACTIVE_COMPILATION_CONDITIONS = DEBUG;
				SWIFT_OPTIMIZATION_LEVEL = "-Onone";
			};
			name = Debug;
		};
		F2858254220EFCE700CBCEB2 /* Release */ = {
			isa = XCBuildConfiguration;
			buildSettings = {
				ALWAYS_SEARCH_USER_PATHS = NO;
				CLANG_ANALYZER_NONNULL = YES;
				CLANG_ANALYZER_NUMBER_OBJECT_CONVERSION = YES_AGGRESSIVE;
				CLANG_CXX_LANGUAGE_STANDARD = "gnu++14";
				CLANG_CXX_LIBRARY = "libc++";
				CLANG_ENABLE_MODULES = YES;
				CLANG_ENABLE_OBJC_ARC = YES;
				CLANG_ENABLE_OBJC_WEAK = YES;
				CLANG_WARN_BLOCK_CAPTURE_AUTORELEASING = YES;
				CLANG_WARN_BOOL_CONVERSION = YES;
				CLANG_WARN_COMMA = YES;
				CLANG_WARN_CONSTANT_CONVERSION = YES;
				CLANG_WARN_DEPRECATED_OBJC_IMPLEMENTATIONS = YES;
				CLANG_WARN_DIRECT_OBJC_ISA_USAGE = YES_ERROR;
				CLANG_WARN_DOCUMENTATION_COMMENTS = YES;
				CLANG_WARN_EMPTY_BODY = YES;
				CLANG_WARN_ENUM_CONVERSION = YES;
				CLANG_WARN_INFINITE_RECURSION = YES;
				CLANG_WARN_INT_CONVERSION = YES;
				CLANG_WARN_NON_LITERAL_NULL_CONVERSION = YES;
				CLANG_WARN_OBJC_IMPLICIT_RETAIN_SELF = YES;
				CLANG_WARN_OBJC_LITERAL_CONVERSION = YES;
				CLANG_WARN_OBJC_ROOT_CLASS = YES_ERROR;
				CLANG_WARN_RANGE_LOOP_ANALYSIS = YES;
				CLANG_WARN_STRICT_PROTOTYPES = YES;
				CLANG_WARN_SUSPICIOUS_MOVE = YES;
				CLANG_WARN_UNGUARDED_AVAILABILITY = YES_AGGRESSIVE;
				CLANG_WARN_UNREACHABLE_CODE = YES;
				CLANG_WARN__DUPLICATE_METHOD_MATCH = YES;
				CODE_SIGN_IDENTITY = "iPhone Developer";
				COPY_PHASE_STRIP = NO;
				DEBUG_INFORMATION_FORMAT = "dwarf-with-dsym";
				ENABLE_NS_ASSERTIONS = NO;
				ENABLE_STRICT_OBJC_MSGSEND = YES;
				GCC_C_LANGUAGE_STANDARD = gnu11;
				GCC_NO_COMMON_BLOCKS = YES;
				GCC_WARN_64_TO_32_BIT_CONVERSION = YES;
				GCC_WARN_ABOUT_RETURN_TYPE = YES_ERROR;
				GCC_WARN_UNDECLARED_SELECTOR = YES;
				GCC_WARN_UNINITIALIZED_AUTOS = YES_AGGRESSIVE;
				GCC_WARN_UNUSED_FUNCTION = YES;
				GCC_WARN_UNUSED_VARIABLE = YES;
				IPHONEOS_DEPLOYMENT_TARGET = 12.1;
				MTL_ENABLE_DEBUG_INFO = NO;
				MTL_FAST_MATH = YES;
				SDKROOT = iphoneos;
				SWIFT_COMPILATION_MODE = wholemodule;
				SWIFT_OPTIMIZATION_LEVEL = "-O";
				VALIDATE_PRODUCT = YES;
			};
			name = Release;
		};
		F2858256220EFCE700CBCEB2 /* Debug */ = {
			isa = XCBuildConfiguration;
			buildSettings = {
				ASSETCATALOG_COMPILER_APPICON_NAME = AppIcon;
				CODE_SIGN_STYLE = Automatic;
				DEVELOPMENT_TEAM = 939KD425D9;
				FRAMEWORK_SEARCH_PATHS = (
					"$(inherited)",
					"$(PROJECT_DIR)/Carthage/Build/iOS",
				);
				INFOPLIST_FILE = "$(SRCROOT)/NewsParser/Resources/Info.plist";
				IPHONEOS_DEPLOYMENT_TARGET = 11.0;
				LD_RUNPATH_SEARCH_PATHS = (
					"$(inherited)",
					"@executable_path/Frameworks",
				);
				PRODUCT_BUNDLE_IDENTIFIER = com.ilyas.NewsParser;
				PRODUCT_NAME = "$(TARGET_NAME)";
				SWIFT_VERSION = 4.0;
				TARGETED_DEVICE_FAMILY = 1;
			};
			name = Debug;
		};
		F2858257220EFCE700CBCEB2 /* Release */ = {
			isa = XCBuildConfiguration;
			buildSettings = {
				ASSETCATALOG_COMPILER_APPICON_NAME = AppIcon;
				CODE_SIGN_STYLE = Automatic;
				DEVELOPMENT_TEAM = 939KD425D9;
				FRAMEWORK_SEARCH_PATHS = (
					"$(inherited)",
					"$(PROJECT_DIR)/Carthage/Build/iOS",
				);
				INFOPLIST_FILE = "$(SRCROOT)/NewsParser/Resources/Info.plist";
				IPHONEOS_DEPLOYMENT_TARGET = 11.0;
				LD_RUNPATH_SEARCH_PATHS = (
					"$(inherited)",
					"@executable_path/Frameworks",
				);
				PRODUCT_BUNDLE_IDENTIFIER = com.ilyas.NewsParser;
				PRODUCT_NAME = "$(TARGET_NAME)";
				SWIFT_VERSION = 4.0;
				TARGETED_DEVICE_FAMILY = 1;
			};
			name = Release;
		};
/* End XCBuildConfiguration section */

/* Begin XCConfigurationList section */
		F285823E220EFCE500CBCEB2 /* Build configuration list for PBXProject "NewsParser" */ = {
			isa = XCConfigurationList;
			buildConfigurations = (
				F2858253220EFCE700CBCEB2 /* Debug */,
				F2858254220EFCE700CBCEB2 /* Release */,
			);
			defaultConfigurationIsVisible = 0;
			defaultConfigurationName = Release;
		};
		F2858255220EFCE700CBCEB2 /* Build configuration list for PBXNativeTarget "NewsParser" */ = {
			isa = XCConfigurationList;
			buildConfigurations = (
				F2858256220EFCE700CBCEB2 /* Debug */,
				F2858257220EFCE700CBCEB2 /* Release */,
			);
			defaultConfigurationIsVisible = 0;
			defaultConfigurationName = Release;
		};
/* End XCConfigurationList section */

/* Begin XCVersionGroup section */
		F2858270220F305600CBCEB2 /* News.xcdatamodeld */ = {
			isa = XCVersionGroup;
			children = (
				F2858271220F305600CBCEB2 /* News.xcdatamodel */,
			);
			currentVersion = F2858271220F305600CBCEB2 /* News.xcdatamodel */;
			path = News.xcdatamodeld;
			sourceTree = "<group>";
			versionGroupType = wrapper.xcdatamodel;
		};
/* End XCVersionGroup section */
	};
	rootObject = F285823B220EFCE500CBCEB2 /* Project object */;
}
